
Microsoft Visual Studio Solution File, Format Version 12.00
# Visual Studio Version 16
VisualStudioVersion = 16.0.29905.134
MinimumVisualStudioVersion = 10.0.40219.1
Project("{F2A71F9B-5D33-465A-A702-920D77279786}") = "Tennis", "Tennis\Tennis.fsproj", "{217ACDC0-54DE-48BC-ADC8-D10D57881A5B}"
EndProject
Project("{F2A71F9B-5D33-465A-A702-920D77279786}") = "Tennis.Test", "Tennis.Test\Tennis.Test.fsproj", "{6409A8AA-9723-440C-8A8E-82AC42C19C62}"
EndProject
Global
	GlobalSection(SolutionConfigurationPlatforms) = preSolution
		Debug|Any CPU = Debug|Any CPU
		Release|Any CPU = Release|Any CPU
	EndGlobalSection
	GlobalSection(ProjectConfigurationPlatforms) = postSolution
		{217ACDC0-54DE-48BC-ADC8-D10D57881A5B}.Debug|Any CPU.ActiveCfg = Debug|Any CPU
		{217ACDC0-54DE-48BC-ADC8-D10D57881A5B}.Debug|Any CPU.Build.0 = Debug|Any CPU
		{217ACDC0-54DE-48BC-ADC8-D10D57881A5B}.Release|Any CPU.ActiveCfg = Release|Any CPU
		{217ACDC0-54DE-48BC-ADC8-D10D57881A5B}.Release|Any CPU.Build.0 = Release|Any CPU
		{6409A8AA-9723-440C-8A8E-82AC42C19C62}.Debug|Any CPU.ActiveCfg = Debug|Any CPU
		{6409A8AA-9723-440C-8A8E-82AC42C19C62}.Debug|Any CPU.Build.0 = Debug|Any CPU
		{6409A8AA-9723-440C-8A8E-82AC42C19C62}.Release|Any CPU.ActiveCfg = Release|Any CPU
		{6409A8AA-9723-440C-8A8E-82AC42C19C62}.Release|Any CPU.Build.0 = Release|Any CPU
	EndGlobalSection
	GlobalSection(SolutionProperties) = preSolution
		HideSolutionNode = FALSE
	EndGlobalSection
	GlobalSection(ExtensibilityGlobals) = postSolution
		SolutionGuid = {BDDC0416-AAF6-41D1-802A-E390D83209FD}
	EndGlobalSection
EndGlobal
